
Microsoft Visual Studio Solution File, Format Version 12.00
# Visual Studio Version 17
VisualStudioVersion = 17.0.31903.59
MinimumVisualStudioVersion = 10.0.40219.1
Project("{2150E333-8FDC-42A3-9474-1A3956D46DE8}") = "src", "src", "{827E0CD3-B72D-47B6-A68D-7590B98EB39B}"
EndProject
Project("{2150E333-8FDC-42A3-9474-1A3956D46DE8}") = "services", "services", "{984BB9B3-3FA3-BE33-9484-CAC21695A33C}"
EndProject
Project("{2150E333-8FDC-42A3-9474-1A3956D46DE8}") = "orders", "orders", "{53A5E032-9A5F-5C5F-4C24-3FD98F4CF9B3}"
EndProject
Project("{FAE04EC0-301F-11D3-BF4B-00C04F79EFBC}") = "Orders.Api", "src\services\orders\Orders.Api\Orders.Api.csproj", "{76AD8E4D-A858-46A5-8465-F145454AE7B2}"
EndProject
Project("{2150E333-8FDC-42A3-9474-1A3956D46DE8}") = "inventory", "inventory", "{CA15E31E-CB60-F235-5CDF-2E527A86A72C}"
EndProject
Project("{FAE04EC0-301F-11D3-BF4B-00C04F79EFBC}") = "Inventory.Api", "src\services\inventory\Inventory.Api\Inventory.Api.csproj", "{87C69C28-BA7B-444B-B7E6-5F926091CAC4}"
EndProject
Project("{2150E333-8FDC-42A3-9474-1A3956D46DE8}") = "shipments", "shipments", "{9C21C2F1-6C69-55E5-4DFD-ED9ABD0726C8}"
EndProject
Project("{FAE04EC0-301F-11D3-BF4B-00C04F79EFBC}") = "Shipments.Api", "src\services\shipments\Shipments.Api\Shipments.Api.csproj", "{6090A0E4-AEB9-4450-A162-2B477837C5D1}"
EndProject
Project("{2150E333-8FDC-42A3-9474-1A3956D46DE8}") = "integrations", "integrations", "{28252C9E-2B50-D3EB-3739-63F7D367C9D3}"
EndProject
Project("{FAE04EC0-301F-11D3-BF4B-00C04F79EFBC}") = "Integrations.Api", "src\services\integrations\Integrations.Api\Integrations.Api.csproj", "{89BEE1DF-C783-4C9F-8BDA-1165B2D3C030}"
EndProject
Project("{2150E333-8FDC-42A3-9474-1A3956D46DE8}") = "building-blocks", "building-blocks", "{C13E73B6-616D-3195-CD22-1E55A7D1F969}"
EndProject
Project("{FAE04EC0-301F-11D3-BF4B-00C04F79EFBC}") = "Oms.Persistence", "src\building-blocks\Oms.Persistence\Oms.Persistence.csproj", "{9AF58076-50DC-41CE-A658-EEF463CD6995}"
EndProject
Global
	GlobalSection(SolutionConfigurationPlatforms) = preSolution
		Debug|Any CPU = Debug|Any CPU
		Debug|x64 = Debug|x64
		Debug|x86 = Debug|x86
		Release|Any CPU = Release|Any CPU
		Release|x64 = Release|x64
		Release|x86 = Release|x86
	EndGlobalSection
	GlobalSection(ProjectConfigurationPlatforms) = postSolution
		{76AD8E4D-A858-46A5-8465-F145454AE7B2}.Debug|Any CPU.ActiveCfg = Debug|Any CPU
		{76AD8E4D-A858-46A5-8465-F145454AE7B2}.Debug|Any CPU.Build.0 = Debug|Any CPU
		{76AD8E4D-A858-46A5-8465-F145454AE7B2}.Debug|x64.ActiveCfg = Debug|Any CPU
		{76AD8E4D-A858-46A5-8465-F145454AE7B2}.Debug|x64.Build.0 = Debug|Any CPU
		{76AD8E4D-A858-46A5-8465-F145454AE7B2}.Debug|x86.ActiveCfg = Debug|Any CPU
		{76AD8E4D-A858-46A5-8465-F145454AE7B2}.Debug|x86.Build.0 = Debug|Any CPU
		{76AD8E4D-A858-46A5-8465-F145454AE7B2}.Release|Any CPU.ActiveCfg = Release|Any CPU
		{76AD8E4D-A858-46A5-8465-F145454AE7B2}.Release|Any CPU.Build.0 = Release|Any CPU
		{76AD8E4D-A858-46A5-8465-F145454AE7B2}.Release|x64.ActiveCfg = Release|Any CPU
		{76AD8E4D-A858-46A5-8465-F145454AE7B2}.Release|x64.Build.0 = Release|Any CPU
		{76AD8E4D-A858-46A5-8465-F145454AE7B2}.Release|x86.ActiveCfg = Release|Any CPU
		{76AD8E4D-A858-46A5-8465-F145454AE7B2}.Release|x86.Build.0 = Release|Any CPU
		{87C69C28-BA7B-444B-B7E6-5F926091CAC4}.Debug|Any CPU.ActiveCfg = Debug|Any CPU
		{87C69C28-BA7B-444B-B7E6-5F926091CAC4}.Debug|Any CPU.Build.0 = Debug|Any CPU
		{87C69C28-BA7B-444B-B7E6-5F926091CAC4}.Debug|x64.ActiveCfg = Debug|Any CPU
		{87C69C28-BA7B-444B-B7E6-5F926091CAC4}.Debug|x64.Build.0 = Debug|Any CPU
		{87C69C28-BA7B-444B-B7E6-5F926091CAC4}.Debug|x86.ActiveCfg = Debug|Any CPU
		{87C69C28-BA7B-444B-B7E6-5F926091CAC4}.Debug|x86.Build.0 = Debug|Any CPU
		{87C69C28-BA7B-444B-B7E6-5F926091CAC4}.Release|Any CPU.ActiveCfg = Release|Any CPU
		{87C69C28-BA7B-444B-B7E6-5F926091CAC4}.Release|Any CPU.Build.0 = Release|Any CPU
		{87C69C28-BA7B-444B-B7E6-5F926091CAC4}.Release|x64.ActiveCfg = Release|Any CPU
		{87C69C28-BA7B-444B-B7E6-5F926091CAC4}.Release|x64.Build.0 = Release|Any CPU
		{87C69C28-BA7B-444B-B7E6-5F926091CAC4}.Release|x86.ActiveCfg = Release|Any CPU
		{87C69C28-BA7B-444B-B7E6-5F926091CAC4}.Release|x86.Build.0 = Release|Any CPU
		{6090A0E4-AEB9-4450-A162-2B477837C5D1}.Debug|Any CPU.ActiveCfg = Debug|Any CPU
		{6090A0E4-AEB9-4450-A162-2B477837C5D1}.Debug|Any CPU.Build.0 = Debug|Any CPU
		{6090A0E4-AEB9-4450-A162-2B477837C5D1}.Debug|x64.ActiveCfg = Debug|Any CPU
		{6090A0E4-AEB9-4450-A162-2B477837C5D1}.Debug|x64.Build.0 = Debug|Any CPU
		{6090A0E4-AEB9-4450-A162-2B477837C5D1}.Debug|x86.ActiveCfg = Debug|Any CPU
		{6090A0E4-AEB9-4450-A162-2B477837C5D1}.Debug|x86.Build.0 = Debug|Any CPU
		{6090A0E4-AEB9-4450-A162-2B477837C5D1}.Release|Any CPU.ActiveCfg = Release|Any CPU
		{6090A0E4-AEB9-4450-A162-2B477837C5D1}.Release|Any CPU.Build.0 = Release|Any CPU
		{6090A0E4-AEB9-4450-A162-2B477837C5D1}.Release|x64.ActiveCfg = Release|Any CPU
		{6090A0E4-AEB9-4450-A162-2B477837C5D1}.Release|x64.Build.0 = Release|Any CPU
		{6090A0E4-AEB9-4450-A162-2B477837C5D1}.Release|x86.ActiveCfg = Release|Any CPU
		{6090A0E4-AEB9-4450-A162-2B477837C5D1}.Release|x86.Build.0 = Release|Any CPU
		{89BEE1DF-C783-4C9F-8BDA-1165B2D3C030}.Debug|Any CPU.ActiveCfg = Debug|Any CPU
		{89BEE1DF-C783-4C9F-8BDA-1165B2D3C030}.Debug|Any CPU.Build.0 = Debug|Any CPU
		{89BEE1DF-C783-4C9F-8BDA-1165B2D3C030}.Debug|x64.ActiveCfg = Debug|Any CPU
		{89BEE1DF-C783-4C9F-8BDA-1165B2D3C030}.Debug|x64.Build.0 = Debug|Any CPU
		{89BEE1DF-C783-4C9F-8BDA-1165B2D3C030}.Debug|x86.ActiveCfg = Debug|Any CPU
		{89BEE1DF-C783-4C9F-8BDA-1165B2D3C030}.Debug|x86.Build.0 = Debug|Any CPU
		{89BEE1DF-C783-4C9F-8BDA-1165B2D3C030}.Release|Any CPU.ActiveCfg = Release|Any CPU
		{89BEE1DF-C783-4C9F-8BDA-1165B2D3C030}.Release|Any CPU.Build.0 = Release|Any CPU
		{89BEE1DF-C783-4C9F-8BDA-1165B2D3C030}.Release|x64.ActiveCfg = Release|Any CPU
		{89BEE1DF-C783-4C9F-8BDA-1165B2D3C030}.Release|x64.Build.0 = Release|Any CPU
		{89BEE1DF-C783-4C9F-8BDA-1165B2D3C030}.Release|x86.ActiveCfg = Release|Any CPU
		{89BEE1DF-C783-4C9F-8BDA-1165B2D3C030}.Release|x86.Build.0 = Release|Any CPU
		{9AF58076-50DC-41CE-A658-EEF463CD6995}.Debug|Any CPU.ActiveCfg = Debug|Any CPU
		{9AF58076-50DC-41CE-A658-EEF463CD6995}.Debug|Any CPU.Build.0 = Debug|Any CPU
		{9AF58076-50DC-41CE-A658-EEF463CD6995}.Debug|x64.ActiveCfg = Debug|Any CPU
		{9AF58076-50DC-41CE-A658-EEF463CD6995}.Debug|x64.Build.0 = Debug|Any CPU
		{9AF58076-50DC-41CE-A658-EEF463CD6995}.Debug|x86.ActiveCfg = Debug|Any CPU
		{9AF58076-50DC-41CE-A658-EEF463CD6995}.Debug|x86.Build.0 = Debug|Any CPU
		{9AF58076-50DC-41CE-A658-EEF463CD6995}.Release|Any CPU.ActiveCfg = Release|Any CPU
		{9AF58076-50DC-41CE-A658-EEF463CD6995}.Release|Any CPU.Build.0 = Release|Any CPU
		{9AF58076-50DC-41CE-A658-EEF463CD6995}.Release|x64.ActiveCfg = Release|Any CPU
		{9AF58076-50DC-41CE-A658-EEF463CD6995}.Release|x64.Build.0 = Release|Any CPU
		{9AF58076-50DC-41CE-A658-EEF463CD6995}.Release|x86.ActiveCfg = Release|Any CPU
		{9AF58076-50DC-41CE-A658-EEF463CD6995}.Release|x86.Build.0 = Release|Any CPU
	EndGlobalSection
	GlobalSection(SolutionProperties) = preSolution
		HideSolutionNode = FALSE
	EndGlobalSection
	GlobalSection(NestedProjects) = preSolution
		{984BB9B3-3FA3-BE33-9484-CAC21695A33C} = {827E0CD3-B72D-47B6-A68D-7590B98EB39B}
		{53A5E032-9A5F-5C5F-4C24-3FD98F4CF9B3} = {984BB9B3-3FA3-BE33-9484-CAC21695A33C}
		{76AD8E4D-A858-46A5-8465-F145454AE7B2} = {53A5E032-9A5F-5C5F-4C24-3FD98F4CF9B3}
		{CA15E31E-CB60-F235-5CDF-2E527A86A72C} = {984BB9B3-3FA3-BE33-9484-CAC21695A33C}
		{87C69C28-BA7B-444B-B7E6-5F926091CAC4} = {CA15E31E-CB60-F235-5CDF-2E527A86A72C}
		{9C21C2F1-6C69-55E5-4DFD-ED9ABD0726C8} = {984BB9B3-3FA3-BE33-9484-CAC21695A33C}
		{6090A0E4-AEB9-4450-A162-2B477837C5D1} = {9C21C2F1-6C69-55E5-4DFD-ED9ABD0726C8}
		{28252C9E-2B50-D3EB-3739-63F7D367C9D3} = {984BB9B3-3FA3-BE33-9484-CAC21695A33C}
		{89BEE1DF-C783-4C9F-8BDA-1165B2D3C030} = {28252C9E-2B50-D3EB-3739-63F7D367C9D3}
		{C13E73B6-616D-3195-CD22-1E55A7D1F969} = {827E0CD3-B72D-47B6-A68D-7590B98EB39B}
		{9AF58076-50DC-41CE-A658-EEF463CD6995} = {C13E73B6-616D-3195-CD22-1E55A7D1F969}
	EndGlobalSection
EndGlobal
